
Microsoft Visual Studio Solution File, Format Version 12.00
# Visual Studio Version 17
VisualStudioVersion = 17.8.34309.116
MinimumVisualStudioVersion = 10.0.40219.1
Project("{9A19103F-16F7-4668-BE54-9A1E7A4F7556}") = "HelloWorld.API", "HelloWorld.API\HelloWorld.API.csproj", "{45AD4EF7-921B-4BD9-B914-CB9227CEF2EF}"
EndProject
Project("{FAE04EC0-301F-11D3-BF4B-00C04F79EFBC}") = "HelloWorld.Services", "HelloWorld.Services\HelloWorld.Services.csproj", "{F5BBF273-5341-418C-969A-BB3C6F535C80}"
EndProject
Global
	GlobalSection(SolutionConfigurationPlatforms) = preSolution
		Debug|Any CPU = Debug|Any CPU
		Release|Any CPU = Release|Any CPU
	EndGlobalSection
	GlobalSection(ProjectConfigurationPlatforms) = postSolution
		{45AD4EF7-921B-4BD9-B914-CB9227CEF2EF}.Debug|Any CPU.ActiveCfg = Debug|Any CPU
		{45AD4EF7-921B-4BD9-B914-CB9227CEF2EF}.Debug|Any CPU.Build.0 = Debug|Any CPU
		{45AD4EF7-921B-4BD9-B914-CB9227CEF2EF}.Release|Any CPU.ActiveCfg = Release|Any CPU
		{45AD4EF7-921B-4BD9-B914-CB9227CEF2EF}.Release|Any CPU.Build.0 = Release|Any CPU
		{F5BBF273-5341-418C-969A-BB3C6F535C80}.Debug|Any CPU.ActiveCfg = Debug|Any CPU
		{F5BBF273-5341-418C-969A-BB3C6F535C80}.Debug|Any CPU.Build.0 = Debug|Any CPU
		{F5BBF273-5341-418C-969A-BB3C6F535C80}.Release|Any CPU.ActiveCfg = Release|Any CPU
		{F5BBF273-5341-418C-969A-BB3C6F535C80}.Release|Any CPU.Build.0 = Release|Any CPU
	EndGlobalSection
	GlobalSection(SolutionProperties) = preSolution
		HideSolutionNode = FALSE
	EndGlobalSection
	GlobalSection(ExtensibilityGlobals) = postSolution
		SolutionGuid = {C4CDD45B-2241-476D-BB13-89E8F969C4D2}
	EndGlobalSection
EndGlobal
